
Microsoft Visual Studio Solution File, Format Version 12.00
# Visual Studio 15
VisualStudioVersion = 15.0.27703.2047
MinimumVisualStudioVersion = 10.0.40219.1
Project("{FAE04EC0-301F-11D3-BF4B-00C04F79EFBC}") = "Test 2", "Test 2\Test 2.csproj", "{C1D96AD3-5063-4109-B1E3-73E9ACC1EFDB}"
EndProject
Global
	GlobalSection(SolutionConfigurationPlatforms) = preSolution
		Debug|Any CPU = Debug|Any CPU
		Release|Any CPU = Release|Any CPU
	EndGlobalSection
	GlobalSection(ProjectConfigurationPlatforms) = postSolution
		{C1D96AD3-5063-4109-B1E3-73E9ACC1EFDB}.Debug|Any CPU.ActiveCfg = Debug|Any CPU
		{C1D96AD3-5063-4109-B1E3-73E9ACC1EFDB}.Debug|Any CPU.Build.0 = Debug|Any CPU
		{C1D96AD3-5063-4109-B1E3-73E9ACC1EFDB}.Release|Any CPU.ActiveCfg = Release|Any CPU
		{C1D96AD3-5063-4109-B1E3-73E9ACC1EFDB}.Release|Any CPU.Build.0 = Release|Any CPU
	EndGlobalSection
	GlobalSection(SolutionProperties) = preSolution
		HideSolutionNode = FALSE
	EndGlobalSection
	GlobalSection(ExtensibilityGlobals) = postSolution
		SolutionGuid = {3EE78388-3244-495A-A33D-374F16F25B3A}
	EndGlobalSection
EndGlobal
